
Microsoft Visual Studio Solution File, Format Version 12.00
# Visual Studio Version 17
VisualStudioVersion = 17.11.35327.3
MinimumVisualStudioVersion = 10.0.40219.1
Project("{FAE04EC0-301F-11D3-BF4B-00C04F79EFBC}") = "Estado_Nomina", "Estado_Nomina\Estado_Nomina.csproj", "{ADE94DA9-43C7-4039-B59E-6BD8E6556E05}"
EndProject
Global
	GlobalSection(SolutionConfigurationPlatforms) = preSolution
		Debug|Any CPU = Debug|Any CPU
		Release|Any CPU = Release|Any CPU
	EndGlobalSection
	GlobalSection(ProjectConfigurationPlatforms) = postSolution
		{ADE94DA9-43C7-4039-B59E-6BD8E6556E05}.Debug|Any CPU.ActiveCfg = Debug|Any CPU
		{ADE94DA9-43C7-4039-B59E-6BD8E6556E05}.Debug|Any CPU.Build.0 = Debug|Any CPU
		{ADE94DA9-43C7-4039-B59E-6BD8E6556E05}.Release|Any CPU.ActiveCfg = Release|Any CPU
		{ADE94DA9-43C7-4039-B59E-6BD8E6556E05}.Release|Any CPU.Build.0 = Release|Any CPU
	EndGlobalSection
	GlobalSection(SolutionProperties) = preSolution
		HideSolutionNode = FALSE
	EndGlobalSection
	GlobalSection(ExtensibilityGlobals) = postSolution
		SolutionGuid = {5214C3B4-D24C-4148-B3C1-A2E0C8F24CA3}
	EndGlobalSection
EndGlobal
